# This file is automatically @generated by Cargo.
# It is not intended for manual editing.
version = 3

[[package]]
name = "day04"
version = "0.1.0"
dependencies = [
 "gridit",
]

[[package]]
name = "gridit"
version = "0.1.0"
source = "registry+https://github.com/rust-lang/crates.io-index"
checksum = "8e955d1c01b03319db7796a86a8a0d9c5a9c5238f362c26a7d55cf8f39a5c468"
