# This file is automatically @generated by Cargo.
# It is not intended for manual editing.
version = 3

[[package]]
name = "day13"
version = "0.1.0"
dependencies = [
 "gridit",
 "itertools",
]

[[package]]
name = "either"
version = "1.6.1"
source = "registry+https://github.com/rust-lang/crates.io-index"
checksum = "e78d4f1cc4ae33bbfc157ed5d5a5ef3bc29227303d595861deb238fcec4e9457"

[[package]]
name = "gridit"
version = "0.1.0"
source = "registry+https://github.com/rust-lang/crates.io-index"
checksum = "8e955d1c01b03319db7796a86a8a0d9c5a9c5238f362c26a7d55cf8f39a5c468"

[[package]]
name = "itertools"
version = "0.10.3"
source = "registry+https://github.com/rust-lang/crates.io-index"
checksum = "a9a9d19fa1e79b6215ff29b9d6880b706147f16e9b1dbb1e4e5947b5b02bc5e3"
dependencies = [
 "either",
]
